# This file is automatically @generated by Cargo.
# It is not intended for manual editing.
version = 4

[[package]]
name = "aarch64"
version = "0.0.14"
source = "registry+https://github.com/rust-lang/crates.io-index"
checksum = "2df0852593ebb4ed15e4fce123daf16a272b8d4449ae75050d6b9d7cea461a21"
dependencies = [
 "aarch64-cpu",
 "memory_addresses",
 "tock-registers",
]

[[package]]
name = "aarch64-cpu"
version = "10.0.0"
source = "registry+https://github.com/rust-lang/crates.io-index"
checksum = "6a21cd0131c25c438e19cd6a774adf7e3f64f7f4d723022882facc2dee0f8bc9"
dependencies = [
 "tock-registers",
]

[[package]]
name = "align-address"
version = "0.3.0"
source = "registry+https://github.com/rust-lang/crates.io-index"
checksum = "4ac6c08a67736554282858203cd9b7ff53cf55f54c34e85689962748a350cbf0"

[[package]]
name = "bit_field"
version = "0.10.3"
source = "registry+https://github.com/rust-lang/crates.io-index"
checksum = "1e4b40c7323adcfc0a41c4b88143ed58346ff65a288fc144329c5c45e05d70c6"

[[package]]
name = "bitflags"
version = "2.10.0"
source = "registry+https://github.com/rust-lang/crates.io-index"
checksum = "812e12b5285cc515a9c72a5c1d3b6d46a19dac5acfef5265968c166106e31dd3"

[[package]]
name = "cfg-if"
version = "1.0.4"
source = "registry+https://github.com/rust-lang/crates.io-index"
checksum = "9330f8b2ff13f34540b44e946ef35111825727b38d33286ef986142615121801"

[[package]]
name = "const_fn"
version = "0.4.11"
source = "registry+https://github.com/rust-lang/crates.io-index"
checksum = "2f8a2ca5ac02d09563609681103aada9e1777d54fc57a5acd7a41404f9c93b6e"

[[package]]
name = "limine"
version = "0.5.0"
source = "registry+https://github.com/rust-lang/crates.io-index"
checksum = "af6d2ee42712e7bd2c787365cd1dab06ef59a61becbf87bec7b32b970bd2594b"
dependencies = [
 "bitflags",
]

[[package]]
name = "lock_api"
version = "0.4.14"
source = "registry+https://github.com/rust-lang/crates.io-index"
checksum = "224399e74b87b5f3557511d98dff8b14089b3dadafcab6bb93eab67d3aace965"
dependencies = [
 "scopeguard",
]

[[package]]
name = "log"
version = "0.4.29"
source = "registry+https://github.com/rust-lang/crates.io-index"
checksum = "5e5032e24019045c762d3c0f28f5b6b8bbf38563a65908389bf7978758920897"

[[package]]
name = "memory_addresses"
version = "0.2.3"
source = "registry+https://github.com/rust-lang/crates.io-index"
checksum = "01af0509edc73791972185a4ed1e3e8b2d0f21c3c527f96078586446b61750c4"
dependencies = [
 "align-address",
 "cfg-if",
]

[[package]]
name = "parachute-kernel-boot"
version = "0.1.0"
dependencies = [
 "aarch64",
 "limine",
 "spin",
 "uefi",
 "x86_64",
]

[[package]]
name = "proc-macro2"
version = "1.0.106"
source = "registry+https://github.com/rust-lang/crates.io-index"
checksum = "8fd00f0bb2e90d81d1044c2b32617f68fcb9fa3bb7640c23e9c748e53fb30934"
dependencies = [
 "unicode-ident",
]

[[package]]
name = "ptr_meta"
version = "0.3.1"
source = "registry+https://github.com/rust-lang/crates.io-index"
checksum = "0b9a0cf95a1196af61d4f1cbdab967179516d9a4a4312af1f31948f8f6224a79"
dependencies = [
 "ptr_meta_derive",
]

[[package]]
name = "ptr_meta_derive"
version = "0.3.1"
source = "registry+https://github.com/rust-lang/crates.io-index"
checksum = "7347867d0a7e1208d93b46767be83e2b8f978c3dad35f775ac8d8847551d6fe1"
dependencies = [
 "proc-macro2",
 "quote",
 "syn",
]

[[package]]
name = "quote"
version = "1.0.44"
source = "registry+https://github.com/rust-lang/crates.io-index"
checksum = "21b2ebcf727b7760c461f091f9f0f539b77b8e87f2fd88131e7f1b433b3cece4"
dependencies = [
 "proc-macro2",
]

[[package]]
name = "rustversion"
version = "1.0.22"
source = "registry+https://github.com/rust-lang/crates.io-index"
checksum = "b39cdef0fa800fc44525c84ccb54a029961a8215f9619753635a9c0d2538d46d"

[[package]]
name = "scopeguard"
version = "1.2.0"
source = "registry+https://github.com/rust-lang/crates.io-index"
checksum = "94143f37725109f92c262ed2cf5e59bce7498c01bcc1502d7b9afe439a4e9f49"

[[package]]
name = "spin"
version = "0.10.0"
source = "registry+https://github.com/rust-lang/crates.io-index"
checksum = "d5fe4ccb98d9c292d56fec89a5e07da7fc4cf0dc11e156b41793132775d3e591"
dependencies = [
 "lock_api",
]

[[package]]
name = "syn"
version = "2.0.114"
source = "registry+https://github.com/rust-lang/crates.io-index"
checksum = "d4d107df263a3013ef9b1879b0df87d706ff80f65a86ea879bd9c31f9b307c2a"
dependencies = [
 "proc-macro2",
 "quote",
 "unicode-ident",
]

[[package]]
name = "tock-registers"
version = "0.9.0"
source = "registry+https://github.com/rust-lang/crates.io-index"
checksum = "2b9e2fdb3a1e862c0661768b7ed25390811df1947a8acbfbefe09b47078d93c4"

[[package]]
name = "ucs2"
version = "0.3.3"
source = "registry+https://github.com/rust-lang/crates.io-index"
checksum = "df79298e11f316400c57ec268f3c2c29ac3c4d4777687955cd3d4f3a35ce7eba"
dependencies = [
 "bit_field",
]

[[package]]
name = "uefi"
version = "0.36.1"
source = "registry+https://github.com/rust-lang/crates.io-index"
checksum = "71fe9058b73ee2b6559524af9e33199c13b2485ddbf3ad1181b68051cdc50c17"
dependencies = [
 "bitflags",
 "cfg-if",
 "log",
 "ptr_meta",
 "ucs2",
 "uefi-macros",
 "uefi-raw",
 "uguid",
]

[[package]]
name = "uefi-macros"
version = "0.19.0"
source = "registry+https://github.com/rust-lang/crates.io-index"
checksum = "4687412b5ac74d245d5bfb1733ede50c31be19bf8a4b6a967a29b451bab49e67"
dependencies = [
 "proc-macro2",
 "quote",
 "syn",
]

[[package]]
name = "uefi-raw"
version = "0.13.0"
source = "registry+https://github.com/rust-lang/crates.io-index"
checksum = "7f64fe59e11af447d12fd60a403c74106eb104309f34b4c6dbce6e927d97da9d"
dependencies = [
 "bitflags",
 "uguid",
]

[[package]]
name = "uguid"
version = "2.2.1"
source = "registry+https://github.com/rust-lang/crates.io-index"
checksum = "0c8352f8c05e47892e7eaf13b34abd76a7f4aeaf817b716e88789381927f199c"

[[package]]
name = "unicode-ident"
version = "1.0.23"
source = "registry+https://github.com/rust-lang/crates.io-index"
checksum = "537dd038a89878be9b64dd4bd1b260315c1bb94f4d784956b81e27a088d9a09e"

[[package]]
name = "volatile"
version = "0.4.6"
source = "registry+https://github.com/rust-lang/crates.io-index"
checksum = "442887c63f2c839b346c192d047a7c87e73d0689c9157b00b53dcc27dd5ea793"

[[package]]
name = "x86_64"
version = "0.15.4"
source = "registry+https://github.com/rust-lang/crates.io-index"
checksum = "f7841fa0098ceb15c567d93d3fae292c49e10a7662b4936d5f6a9728594555ba"
dependencies = [
 "bit_field",
 "bitflags",
 "const_fn",
 "rustversion",
 "volatile",
]
